# Generated by buf. DO NOT EDIT.
version: v1
deps:
  - remote: buf.build
    owner: protocolbuffers
    repository: wellknowntypes
    commit: 07388c6f03d8499097fc72dc8d9ceacb
    digest: shake256:8b1a810bad1bff3adf7d0a8ad42f0e9f8a6d26faba62511c6bee1f18f13499aaa6c70e926b79addd59b0ed13acb3e36bc6f94b9885bb3626d758f23c64630aca
